
Microsoft Visual Studio Solution File, Format Version 12.00
# Visual Studio Version 17
VisualStudioVersion = 17.9.34728.123
MinimumVisualStudioVersion = 10.0.40219.1
Project("{FAE04EC0-301F-11D3-BF4B-00C04F79EFBC}") = "veceditor", "veceditor\veceditor.csproj", "{B08EBA1B-3593-4200-8391-EAC6809F734A}"
EndProject
Global
	GlobalSection(SolutionConfigurationPlatforms) = preSolution
		Debug|Any CPU = Debug|Any CPU
		Release|Any CPU = Release|Any CPU
	EndGlobalSection
	GlobalSection(ProjectConfigurationPlatforms) = postSolution
		{B08EBA1B-3593-4200-8391-EAC6809F734A}.Debug|Any CPU.ActiveCfg = Debug|Any CPU
		{B08EBA1B-3593-4200-8391-EAC6809F734A}.Debug|Any CPU.Build.0 = Debug|Any CPU
		{B08EBA1B-3593-4200-8391-EAC6809F734A}.Release|Any CPU.ActiveCfg = Release|Any CPU
		{B08EBA1B-3593-4200-8391-EAC6809F734A}.Release|Any CPU.Build.0 = Release|Any CPU
	EndGlobalSection
	GlobalSection(SolutionProperties) = preSolution
		HideSolutionNode = FALSE
	EndGlobalSection
	GlobalSection(ExtensibilityGlobals) = postSolution
		SolutionGuid = {990BC519-30DD-455B-B5CF-01D59B0BF9AD}
	EndGlobalSection
EndGlobal
